
Microsoft Visual Studio Solution File, Format Version 12.00
# Visual Studio 15
Project("{FAE04EC0-301F-11D3-BF4B-00C04F79EFBC}") = "UniGLTF", "UniGLTF.csproj", "{369355A7-496E-FD2B-079D-1FDCB2D9D07A}"
EndProject
Project("{FAE04EC0-301F-11D3-BF4B-00C04F79EFBC}") = "UniHumanoid", "UniHumanoid.csproj", "{972F9CD8-963F-CABA-9E89-D23EE49D2055}"
EndProject
Project("{FAE04EC0-301F-11D3-BF4B-00C04F79EFBC}") = "VRM", "VRM.csproj", "{2A91FE50-CDA6-065F-B390-501090D458C3}"
EndProject
Project("{FAE04EC0-301F-11D3-BF4B-00C04F79EFBC}") = "VRMShaders.GLTF.IO.Runtime", "VRMShaders.GLTF.IO.Runtime.csproj", "{C99A5519-63BB-9722-5DE2-12D6B9911ECB}"
EndProject
Project("{FAE04EC0-301F-11D3-BF4B-00C04F79EFBC}") = "Assembly-CSharp", "Assembly-CSharp.csproj", "{568C2286-6681-506E-5818-E56550E8C97D}"
EndProject
Project("{FAE04EC0-301F-11D3-BF4B-00C04F79EFBC}") = "VRMShaders.VRM.IO.Runtime", "VRMShaders.VRM.IO.Runtime.csproj", "{FF0E2650-174A-D42C-24BB-26BA96CA36AF}"
EndProject
Project("{FAE04EC0-301F-11D3-BF4B-00C04F79EFBC}") = "MToon", "MToon.csproj", "{C8C56269-F2C9-7018-A101-EEF6589DD77F}"
EndProject
Project("{FAE04EC0-301F-11D3-BF4B-00C04F79EFBC}") = "VRMShaders.GLTF.UniUnlit.Runtime", "VRMShaders.GLTF.UniUnlit.Runtime.csproj", "{B5E8D210-3733-08B6-8EEA-FF720A7E2B23}"
EndProject
Project("{FAE04EC0-301F-11D3-BF4B-00C04F79EFBC}") = "UniGLTF.Tests", "UniGLTF.Tests.csproj", "{A1E6A8D8-3DCD-3CBA-B93D-A906D70E8DAC}"
EndProject
Project("{FAE04EC0-301F-11D3-BF4B-00C04F79EFBC}") = "UniVRM.Editor", "UniVRM.Editor.csproj", "{D5D2D137-1CA6-CAC6-0021-9C0D5D6B9590}"
EndProject
Project("{FAE04EC0-301F-11D3-BF4B-00C04F79EFBC}") = "VRMShaders.GLTF.UniUnlit.Editor", "VRMShaders.GLTF.UniUnlit.Editor.csproj", "{1F135707-7A1E-578C-3E4A-8402819BA8B1}"
EndProject
Project("{FAE04EC0-301F-11D3-BF4B-00C04F79EFBC}") = "UniGLTF.Editor", "UniGLTF.Editor.csproj", "{30965E7D-3E78-D5DA-A081-E8CD25B015FD}"
EndProject
Project("{FAE04EC0-301F-11D3-BF4B-00C04F79EFBC}") = "UniHumanoid.Editor", "UniHumanoid.Editor.csproj", "{9C4DD8D4-6B29-084B-2B00-50EEA4C6F63C}"
EndProject
Project("{FAE04EC0-301F-11D3-BF4B-00C04F79EFBC}") = "VRM.Tests", "VRM.Tests.csproj", "{85D05BD1-1BFE-FA2C-828A-04E29D6BF57F}"
EndProject
Project("{FAE04EC0-301F-11D3-BF4B-00C04F79EFBC}") = "VRMShaders.GLTF.IO.Tests", "VRMShaders.GLTF.IO.Tests.csproj", "{58DFAFBE-B053-358F-AEE3-5FB626D1471D}"
EndProject
Project("{FAE04EC0-301F-11D3-BF4B-00C04F79EFBC}") = "MToon.Editor", "MToon.Editor.csproj", "{F450DAC3-70C3-F39B-38C3-8DFD35A890A6}"
EndProject
Project("{FAE04EC0-301F-11D3-BF4B-00C04F79EFBC}") = "Assembly-CSharp-Editor", "Assembly-CSharp-Editor.csproj", "{47151463-9883-EE6B-E331-19CFD1B86CF7}"
EndProject
Project("{FAE04EC0-301F-11D3-BF4B-00C04F79EFBC}") = "VRMShaders.GLTF.IO.Editor", "VRMShaders.GLTF.IO.Editor.csproj", "{4AEFE27E-205A-F6FB-4025-3392F805A0C5}"
EndProject
Project("{FAE04EC0-301F-11D3-BF4B-00C04F79EFBC}") = "UniHumanoid.Editor.Tests", "UniHumanoid.Editor.Tests.csproj", "{0E7F1D14-B889-6947-107D-B6CD5B0806FC}"
EndProject
Project("{FAE04EC0-301F-11D3-BF4B-00C04F79EFBC}") = "VRM.Samples.Editor.Tests", "VRM.Samples.Editor.Tests.csproj", "{1701CFCF-BADD-01EA-5AD9-3CC76E778695}"
EndProject
Project("{FAE04EC0-301F-11D3-BF4B-00C04F79EFBC}") = "VRMShaders.VRM.IO.Editor", "VRMShaders.VRM.IO.Editor.csproj", "{46F7AD87-D17E-204F-09F1-A5B64FCE03B9}"
EndProject
Global
	GlobalSection(SolutionConfigurationPlatforms) = preSolution
		Debug|Any CPU = Debug|Any CPU
		Release|Any CPU = Release|Any CPU
	EndGlobalSection
	GlobalSection(ProjectConfigurationPlatforms) = postSolution
		{369355A7-496E-FD2B-079D-1FDCB2D9D07A}.Debug|Any CPU.ActiveCfg = Debug|Any CPU
		{369355A7-496E-FD2B-079D-1FDCB2D9D07A}.Debug|Any CPU.Build.0 = Debug|Any CPU
		{369355A7-496E-FD2B-079D-1FDCB2D9D07A}.Release|Any CPU.ActiveCfg = Release|Any CPU
		{369355A7-496E-FD2B-079D-1FDCB2D9D07A}.Release|Any CPU.Build.0 = Release|Any CPU
		{972F9CD8-963F-CABA-9E89-D23EE49D2055}.Debug|Any CPU.ActiveCfg = Debug|Any CPU
		{972F9CD8-963F-CABA-9E89-D23EE49D2055}.Debug|Any CPU.Build.0 = Debug|Any CPU
		{972F9CD8-963F-CABA-9E89-D23EE49D2055}.Release|Any CPU.ActiveCfg = Release|Any CPU
		{972F9CD8-963F-CABA-9E89-D23EE49D2055}.Release|Any CPU.Build.0 = Release|Any CPU
		{2A91FE50-CDA6-065F-B390-501090D458C3}.Debug|Any CPU.ActiveCfg = Debug|Any CPU
		{2A91FE50-CDA6-065F-B390-501090D458C3}.Debug|Any CPU.Build.0 = Debug|Any CPU
		{2A91FE50-CDA6-065F-B390-501090D458C3}.Release|Any CPU.ActiveCfg = Release|Any CPU
		{2A91FE50-CDA6-065F-B390-501090D458C3}.Release|Any CPU.Build.0 = Release|Any CPU
		{C99A5519-63BB-9722-5DE2-12D6B9911ECB}.Debug|Any CPU.ActiveCfg = Debug|Any CPU
		{C99A5519-63BB-9722-5DE2-12D6B9911ECB}.Debug|Any CPU.Build.0 = Debug|Any CPU
		{C99A5519-63BB-9722-5DE2-12D6B9911ECB}.Release|Any CPU.ActiveCfg = Release|Any CPU
		{C99A5519-63BB-9722-5DE2-12D6B9911ECB}.Release|Any CPU.Build.0 = Release|Any CPU
		{568C2286-6681-506E-5818-E56550E8C97D}.Debug|Any CPU.ActiveCfg = Debug|Any CPU
		{568C2286-6681-506E-5818-E56550E8C97D}.Debug|Any CPU.Build.0 = Debug|Any CPU
		{568C2286-6681-506E-5818-E56550E8C97D}.Release|Any CPU.ActiveCfg = Release|Any CPU
		{568C2286-6681-506E-5818-E56550E8C97D}.Release|Any CPU.Build.0 = Release|Any CPU
		{FF0E2650-174A-D42C-24BB-26BA96CA36AF}.Debug|Any CPU.ActiveCfg = Debug|Any CPU
		{FF0E2650-174A-D42C-24BB-26BA96CA36AF}.Debug|Any CPU.Build.0 = Debug|Any CPU
		{FF0E2650-174A-D42C-24BB-26BA96CA36AF}.Release|Any CPU.ActiveCfg = Release|Any CPU
		{FF0E2650-174A-D42C-24BB-26BA96CA36AF}.Release|Any CPU.Build.0 = Release|Any CPU
		{C8C56269-F2C9-7018-A101-EEF6589DD77F}.Debug|Any CPU.ActiveCfg = Debug|Any CPU
		{C8C56269-F2C9-7018-A101-EEF6589DD77F}.Debug|Any CPU.Build.0 = Debug|Any CPU
		{C8C56269-F2C9-7018-A101-EEF6589DD77F}.Release|Any CPU.ActiveCfg = Release|Any CPU
		{C8C56269-F2C9-7018-A101-EEF6589DD77F}.Release|Any CPU.Build.0 = Release|Any CPU
		{B5E8D210-3733-08B6-8EEA-FF720A7E2B23}.Debug|Any CPU.ActiveCfg = Debug|Any CPU
		{B5E8D210-3733-08B6-8EEA-FF720A7E2B23}.Debug|Any CPU.Build.0 = Debug|Any CPU
		{B5E8D210-3733-08B6-8EEA-FF720A7E2B23}.Release|Any CPU.ActiveCfg = Release|Any CPU
		{B5E8D210-3733-08B6-8EEA-FF720A7E2B23}.Release|Any CPU.Build.0 = Release|Any CPU
		{A1E6A8D8-3DCD-3CBA-B93D-A906D70E8DAC}.Debug|Any CPU.ActiveCfg = Debug|Any CPU
		{A1E6A8D8-3DCD-3CBA-B93D-A906D70E8DAC}.Debug|Any CPU.Build.0 = Debug|Any CPU
		{A1E6A8D8-3DCD-3CBA-B93D-A906D70E8DAC}.Release|Any CPU.ActiveCfg = Release|Any CPU
		{A1E6A8D8-3DCD-3CBA-B93D-A906D70E8DAC}.Release|Any CPU.Build.0 = Release|Any CPU
		{D5D2D137-1CA6-CAC6-0021-9C0D5D6B9590}.Debug|Any CPU.ActiveCfg = Debug|Any CPU
		{D5D2D137-1CA6-CAC6-0021-9C0D5D6B9590}.Debug|Any CPU.Build.0 = Debug|Any CPU
		{D5D2D137-1CA6-CAC6-0021-9C0D5D6B9590}.Release|Any CPU.ActiveCfg = Release|Any CPU
		{D5D2D137-1CA6-CAC6-0021-9C0D5D6B9590}.Release|Any CPU.Build.0 = Release|Any CPU
		{1F135707-7A1E-578C-3E4A-8402819BA8B1}.Debug|Any CPU.ActiveCfg = Debug|Any CPU
		{1F135707-7A1E-578C-3E4A-8402819BA8B1}.Debug|Any CPU.Build.0 = Debug|Any CPU
		{1F135707-7A1E-578C-3E4A-8402819BA8B1}.Release|Any CPU.ActiveCfg = Release|Any CPU
		{1F135707-7A1E-578C-3E4A-8402819BA8B1}.Release|Any CPU.Build.0 = Release|Any CPU
		{30965E7D-3E78-D5DA-A081-E8CD25B015FD}.Debug|Any CPU.ActiveCfg = Debug|Any CPU
		{30965E7D-3E78-D5DA-A081-E8CD25B015FD}.Debug|Any CPU.Build.0 = Debug|Any CPU
		{30965E7D-3E78-D5DA-A081-E8CD25B015FD}.Release|Any CPU.ActiveCfg = Release|Any CPU
		{30965E7D-3E78-D5DA-A081-E8CD25B015FD}.Release|Any CPU.Build.0 = Release|Any CPU
		{9C4DD8D4-6B29-084B-2B00-50EEA4C6F63C}.Debug|Any CPU.ActiveCfg = Debug|Any CPU
		{9C4DD8D4-6B29-084B-2B00-50EEA4C6F63C}.Debug|Any CPU.Build.0 = Debug|Any CPU
		{9C4DD8D4-6B29-084B-2B00-50EEA4C6F63C}.Release|Any CPU.ActiveCfg = Release|Any CPU
		{9C4DD8D4-6B29-084B-2B00-50EEA4C6F63C}.Release|Any CPU.Build.0 = Release|Any CPU
		{85D05BD1-1BFE-FA2C-828A-04E29D6BF57F}.Debug|Any CPU.ActiveCfg = Debug|Any CPU
		{85D05BD1-1BFE-FA2C-828A-04E29D6BF57F}.Debug|Any CPU.Build.0 = Debug|Any CPU
		{85D05BD1-1BFE-FA2C-828A-04E29D6BF57F}.Release|Any CPU.ActiveCfg = Release|Any CPU
		{85D05BD1-1BFE-FA2C-828A-04E29D6BF57F}.Release|Any CPU.Build.0 = Release|Any CPU
		{58DFAFBE-B053-358F-AEE3-5FB626D1471D}.Debug|Any CPU.ActiveCfg = Debug|Any CPU
		{58DFAFBE-B053-358F-AEE3-5FB626D1471D}.Debug|Any CPU.Build.0 = Debug|Any CPU
		{58DFAFBE-B053-358F-AEE3-5FB626D1471D}.Release|Any CPU.ActiveCfg = Release|Any CPU
		{58DFAFBE-B053-358F-AEE3-5FB626D1471D}.Release|Any CPU.Build.0 = Release|Any CPU
		{F450DAC3-70C3-F39B-38C3-8DFD35A890A6}.Debug|Any CPU.ActiveCfg = Debug|Any CPU
		{F450DAC3-70C3-F39B-38C3-8DFD35A890A6}.Debug|Any CPU.Build.0 = Debug|Any CPU
		{F450DAC3-70C3-F39B-38C3-8DFD35A890A6}.Release|Any CPU.ActiveCfg = Release|Any CPU
		{F450DAC3-70C3-F39B-38C3-8DFD35A890A6}.Release|Any CPU.Build.0 = Release|Any CPU
		{47151463-9883-EE6B-E331-19CFD1B86CF7}.Debug|Any CPU.ActiveCfg = Debug|Any CPU
		{47151463-9883-EE6B-E331-19CFD1B86CF7}.Debug|Any CPU.Build.0 = Debug|Any CPU
		{47151463-9883-EE6B-E331-19CFD1B86CF7}.Release|Any CPU.ActiveCfg = Release|Any CPU
		{47151463-9883-EE6B-E331-19CFD1B86CF7}.Release|Any CPU.Build.0 = Release|Any CPU
		{4AEFE27E-205A-F6FB-4025-3392F805A0C5}.Debug|Any CPU.ActiveCfg = Debug|Any CPU
		{4AEFE27E-205A-F6FB-4025-3392F805A0C5}.Debug|Any CPU.Build.0 = Debug|Any CPU
		{4AEFE27E-205A-F6FB-4025-3392F805A0C5}.Release|Any CPU.ActiveCfg = Release|Any CPU
		{4AEFE27E-205A-F6FB-4025-3392F805A0C5}.Release|Any CPU.Build.0 = Release|Any CPU
		{0E7F1D14-B889-6947-107D-B6CD5B0806FC}.Debug|Any CPU.ActiveCfg = Debug|Any CPU
		{0E7F1D14-B889-6947-107D-B6CD5B0806FC}.Debug|Any CPU.Build.0 = Debug|Any CPU
		{0E7F1D14-B889-6947-107D-B6CD5B0806FC}.Release|Any CPU.ActiveCfg = Release|Any CPU
		{0E7F1D14-B889-6947-107D-B6CD5B0806FC}.Release|Any CPU.Build.0 = Release|Any CPU
		{1701CFCF-BADD-01EA-5AD9-3CC76E778695}.Debug|Any CPU.ActiveCfg = Debug|Any CPU
		{1701CFCF-BADD-01EA-5AD9-3CC76E778695}.Debug|Any CPU.Build.0 = Debug|Any CPU
		{1701CFCF-BADD-01EA-5AD9-3CC76E778695}.Release|Any CPU.ActiveCfg = Release|Any CPU
		{1701CFCF-BADD-01EA-5AD9-3CC76E778695}.Release|Any CPU.Build.0 = Release|Any CPU
		{46F7AD87-D17E-204F-09F1-A5B64FCE03B9}.Debug|Any CPU.ActiveCfg = Debug|Any CPU
		{46F7AD87-D17E-204F-09F1-A5B64FCE03B9}.Debug|Any CPU.Build.0 = Debug|Any CPU
		{46F7AD87-D17E-204F-09F1-A5B64FCE03B9}.Release|Any CPU.ActiveCfg = Release|Any CPU
		{46F7AD87-D17E-204F-09F1-A5B64FCE03B9}.Release|Any CPU.Build.0 = Release|Any CPU
	EndGlobalSection
	GlobalSection(SolutionProperties) = preSolution
		HideSolutionNode = FALSE
	EndGlobalSection
EndGlobal
